// !$*UTF8*$!
{
	archiveVersion = 1;
	classes = {
	};
	objectVersion = 56;
	objects = {

/* Begin PBXBuildFile section */
		01AA9CD429B445210051F49C /* AppDelegate.swift in Sources */ = {isa = PBXBuildFile; fileRef = 01AA9CD329B445210051F49C /* AppDelegate.swift */; };
		01AA9CD629B445210051F49C /* SceneDelegate.swift in Sources */ = {isa = PBXBuildFile; fileRef = 01AA9CD529B445210051F49C /* SceneDelegate.swift */; };
		01AA9CD829B445210051F49C /* ViewController.swift in Sources */ = {isa = PBXBuildFile; fileRef = 01AA9CD729B445210051F49C /* ViewController.swift */; };
		01AA9CDB29B445210051F49C /* Main.storyboard in Resources */ = {isa = PBXBuildFile; fileRef = 01AA9CD929B445210051F49C /* Main.storyboard */; };
		01AA9CDE29B445210051F49C /* CheckBoxUITable.xcdatamodeld in Sources */ = {isa = PBXBuildFile; fileRef = 01AA9CDC29B445210051F49C /* CheckBoxUITable.xcdatamodeld */; };
		01AA9CE029B445230051F49C /* Assets.xcassets in Resources */ = {isa = PBXBuildFile; fileRef = 01AA9CDF29B445230051F49C /* Assets.xcassets */; };
		01AA9CE329B445230051F49C /* LaunchScreen.storyboard in Resources */ = {isa = PBXBuildFile; fileRef = 01AA9CE129B445230051F49C /* LaunchScreen.storyboard */; };
		01AA9CEE29B445230051F49C /* CheckBoxUITableTests.swift in Sources */ = {isa = PBXBuildFile; fileRef = 01AA9CED29B445230051F49C /* CheckBoxUITableTests.swift */; };
		01AA9CF829B445230051F49C /* CheckBoxUITableUITests.swift in Sources */ = {isa = PBXBuildFile; fileRef = 01AA9CF729B445230051F49C /* CheckBoxUITableUITests.swift */; };
		01AA9CFA29B445230051F49C /* CheckBoxUITableUITestsLaunchTests.swift in Sources */ = {isa = PBXBuildFile; fileRef = 01AA9CF929B445230051F49C /* CheckBoxUITableUITestsLaunchTests.swift */; };
/* End PBXBuildFile section */

/* Begin PBXContainerItemProxy section */
		01AA9CEA29B445230051F49C /* PBXContainerItemProxy */ = {
			isa = PBXContainerItemProxy;
			containerPortal = 01AA9CC829B445210051F49C /* Project object */;
			proxyType = 1;
			remoteGlobalIDString = 01AA9CCF29B445210051F49C;
			remoteInfo = CheckBoxUITable;
		};
		01AA9CF429B445230051F49C /* PBXContainerItemProxy */ = {
			isa = PBXContainerItemProxy;
			containerPortal = 01AA9CC829B445210051F49C /* Project object */;
			proxyType = 1;
			remoteGlobalIDString = 01AA9CCF29B445210051F49C;
			remoteInfo = CheckBoxUITable;
		};
/* End PBXContainerItemProxy section */

/* Begin PBXFileReference section */
		01AA9CD029B445210051F49C /* CheckBoxUITable.app */ = {isa = PBXFileReference; explicitFileType = wrapper.application; includeInIndex = 0; path = CheckBoxUITable.app; sourceTree = BUILT_PRODUCTS_DIR; };
		01AA9CD329B445210051F49C /* AppDelegate.swift */ = {isa = PBXFileReference; lastKnownFileType = sourcecode.swift; path = AppDelegate.swift; sourceTree = "<group>"; };
		01AA9CD529B445210051F49C /* SceneDelegate.swift */ = {isa = PBXFileReference; lastKnownFileType = sourcecode.swift; path = SceneDelegate.swift; sourceTree = "<group>"; };
		01AA9CD729B445210051F49C /* ViewController.swift */ = {isa = PBXFileReference; lastKnownFileType = sourcecode.swift; path = ViewController.swift; sourceTree = "<group>"; };
		01AA9CDA29B445210051F49C /* Base */ = {isa = PBXFileReference; lastKnownFileType = file.storyboard; name = Base; path = Base.lproj/Main.storyboard; sourceTree = "<group>"; };
		01AA9CDD29B445210051F49C /* CheckBoxUITable.xcdatamodel */ = {isa = PBXFileReference; lastKnownFileType = wrapper.xcdatamodel; path = CheckBoxUITable.xcdatamodel; sourceTree = "<group>"; };
		01AA9CDF29B445230051F49C /* Assets.xcassets */ = {isa = PBXFileReference; lastKnownFileType = folder.assetcatalog; path = Assets.xcassets; sourceTree = "<group>"; };
		01AA9CE229B445230051F49C /* Base */ = {isa = PBXFileReference; lastKnownFileType = file.storyboard; name = Base; path = Base.lproj/LaunchScreen.storyboard; sourceTree = "<group>"; };
		01AA9CE429B445230051F49C /* Info.plist */ = {isa = PBXFileReference; lastKnownFileType = text.plist.xml; path = Info.plist; sourceTree = "<group>"; };
		01AA9CE929B445230051F49C /* CheckBoxUITableTests.xctest */ = {isa = PBXFileReference; explicitFileType = wrapper.cfbundle; includeInIndex = 0; path = CheckBoxUITableTests.xctest; sourceTree = BUILT_PRODUCTS_DIR; };
		01AA9CED29B445230051F49C /* CheckBoxUITableTests.swift */ = {isa = PBXFileReference; lastKnownFileType = sourcecode.swift; path = CheckBoxUITableTests.swift; sourceTree = "<group>"; };
		01AA9CF329B445230051F49C /* CheckBoxUITableUITests.xctest */ = {isa = PBXFileReference; explicitFileType = wrapper.cfbundle; includeInIndex = 0; path = CheckBoxUITableUITests.xctest; sourceTree = BUILT_PRODUCTS_DIR; };
		01AA9CF729B445230051F49C /* CheckBoxUITableUITests.swift */ = {isa = PBXFileReference; lastKnownFileType = sourcecode.swift; path = CheckBoxUITableUITests.swift; sourceTree = "<group>"; };
		01AA9CF929B445230051F49C /* CheckBoxUITableUITestsLaunchTests.swift */ = {isa = PBXFileReference; lastKnownFileType = sourcecode.swift; path = CheckBoxUITableUITestsLaunchTests.swift; sourceTree = "<group>"; };
/* End PBXFileReference section */

/* Begin PBXFrameworksBuildPhase section */
		01AA9CCD29B445210051F49C /* Frameworks */ = {
			isa = PBXFrameworksBuildPhase;
			buildActionMask = 2147483647;
			files = (
			);
			runOnlyForDeploymentPostprocessing = 0;
		};
		01AA9CE629B445230051F49C /* Frameworks */ = {
			isa = PBXFrameworksBuildPhase;
			buildActionMask = 2147483647;
			files = (
			);
			runOnlyForDeploymentPostprocessing = 0;
		};
		01AA9CF029B445230051F49C /* Frameworks */ = {
			isa = PBXFrameworksBuildPhase;
			buildActionMask = 2147483647;
			files = (
			);
			runOnlyForDeploymentPostprocessing = 0;
		};
/* End PBXFrameworksBuildPhase section */

/* Begin PBXGroup section */
		01AA9CC729B445210051F49C = {
			isa = PBXGroup;
			children = (
				01AA9CD229B445210051F49C /* CheckBoxUITable */,
				01AA9CEC29B445230051F49C /* CheckBoxUITableTests */,
				01AA9CF629B445230051F49C /* CheckBoxUITableUITests */,
				01AA9CD129B445210051F49C /* Products */,
			);
			sourceTree = "<group>";
		};
		01AA9CD129B445210051F49C /* Products */ = {
			isa = PBXGroup;
			children = (
				01AA9CD029B445210051F49C /* CheckBoxUITable.app */,
				01AA9CE929B445230051F49C /* CheckBoxUITableTests.xctest */,
				01AA9CF329B445230051F49C /* CheckBoxUITableUITests.xctest */,
			);
			name = Products;
			sourceTree = "<group>";
		};
		01AA9CD229B445210051F49C /* CheckBoxUITable */ = {
			isa = PBXGroup;
			children = (
				01AA9CD329B445210051F49C /* AppDelegate.swift */,
				01AA9CD529B445210051F49C /* SceneDelegate.swift */,
				01AA9CD729B445210051F49C /* ViewController.swift */,
				01AA9CD929B445210051F49C /* Main.storyboard */,
				01AA9CDF29B445230051F49C /* Assets.xcassets */,
				01AA9CE129B445230051F49C /* LaunchScreen.storyboard */,
				01AA9CE429B445230051F49C /* Info.plist */,
				01AA9CDC29B445210051F49C /* CheckBoxUITable.xcdatamodeld */,
			);
			path = CheckBoxUITable;
			sourceTree = "<group>";
		};
		01AA9CEC29B445230051F49C /* CheckBoxUITableTests */ = {
			isa = PBXGroup;
			children = (
				01AA9CED29B445230051F49C /* CheckBoxUITableTests.swift */,
			);
			path = CheckBoxUITableTests;
			sourceTree = "<group>";
		};
		01AA9CF629B445230051F49C /* CheckBoxUITableUITests */ = {
			isa = PBXGroup;
			children = (
				01AA9CF729B445230051F49C /* CheckBoxUITableUITests.swift */,
				01AA9CF929B445230051F49C /* CheckBoxUITableUITestsLaunchTests.swift */,
			);
			path = CheckBoxUITableUITests;
			sourceTree = "<group>";
		};
/* End PBXGroup section */

/* Begin PBXNativeTarget section */
		01AA9CCF29B445210051F49C /* CheckBoxUITable */ = {
			isa = PBXNativeTarget;
			buildConfigurationList = 01AA9CFD29B445230051F49C /* Build configuration list for PBXNativeTarget "CheckBoxUITable" */;
			buildPhases = (
				01AA9CCC29B445210051F49C /* Sources */,
				01AA9CCD29B445210051F49C /* Frameworks */,
				01AA9CCE29B445210051F49C /* Resources */,
			);
			buildRules = (
			);
			dependencies = (
			);
			name = CheckBoxUITable;
			productName = CheckBoxUITable;
			productReference = 01AA9CD029B445210051F49C /* CheckBoxUITable.app */;
			productType = "com.apple.product-type.application";
		};
		01AA9CE829B445230051F49C /* CheckBoxUITableTests */ = {
			isa = PBXNativeTarget;
			buildConfigurationList = 01AA9D0029B445230051F49C /* Build configuration list for PBXNativeTarget "CheckBoxUITableTests" */;
			buildPhases = (
				01AA9CE529B445230051F49C /* Sources */,
				01AA9CE629B445230051F49C /* Frameworks */,
				01AA9CE729B445230051F49C /* Resources */,
			);
			buildRules = (
			);
			dependencies = (
				01AA9CEB29B445230051F49C /* PBXTargetDependency */,
			);
			name = CheckBoxUITableTests;
			productName = CheckBoxUITableTests;
			productReference = 01AA9CE929B445230051F49C /* CheckBoxUITableTests.xctest */;
			productType = "com.apple.product-type.bundle.unit-test";
		};
		01AA9CF229B445230051F49C /* CheckBoxUITableUITests */ = {
			isa = PBXNativeTarget;
			buildConfigurationList = 01AA9D0329B445230051F49C /* Build configuration list for PBXNativeTarget "CheckBoxUITableUITests" */;
			buildPhases = (
				01AA9CEF29B445230051F49C /* Sources */,
				01AA9CF029B445230051F49C /* Frameworks */,
				01AA9CF129B445230051F49C /* Resources */,
			);
			buildRules = (
			);
			dependencies = (
				01AA9CF529B445230051F49C /* PBXTargetDependency */,
			);
			name = CheckBoxUITableUITests;
			productName = CheckBoxUITableUITests;
			productReference = 01AA9CF329B445230051F49C /* CheckBoxUITableUITests.xctest */;
			productType = "com.apple.product-type.bundle.ui-testing";
		};
/* End PBXNativeTarget section */

/* Begin PBXProject section */
		01AA9CC829B445210051F49C /* Project object */ = {
			isa = PBXProject;
			attributes = {
				BuildIndependentTargetsInParallel = 1;
				LastSwiftUpdateCheck = 1420;
				LastUpgradeCheck = 1420;
				TargetAttributes = {
					01AA9CCF29B445210051F49C = {
						CreatedOnToolsVersion = 14.2;
					};
					01AA9CE829B445230051F49C = {
						CreatedOnToolsVersion = 14.2;
						TestTargetID = 01AA9CCF29B445210051F49C;
					};
					01AA9CF229B445230051F49C = {
						CreatedOnToolsVersion = 14.2;
						TestTargetID = 01AA9CCF29B445210051F49C;
					};
				};
			};
			buildConfigurationList = 01AA9CCB29B445210051F49C /* Build configuration list for PBXProject "CheckBoxUITable" */;
			compatibilityVersion = "Xcode 14.0";
			developmentRegion = en;
			hasScannedForEncodings = 0;
			knownRegions = (
				en,
				Base,
			);
			mainGroup = 01AA9CC729B445210051F49C;
			productRefGroup = 01AA9CD129B445210051F49C /* Products */;
			projectDirPath = "";
			projectRoot = "";
			targets = (
				01AA9CCF29B445210051F49C /* CheckBoxUITable */,
				01AA9CE829B445230051F49C /* CheckBoxUITableTests */,
				01AA9CF229B445230051F49C /* CheckBoxUITableUITests */,
			);
		};
/* End PBXProject section */

/* Begin PBXResourcesBuildPhase section */
		01AA9CCE29B445210051F49C /* Resources */ = {
			isa = PBXResourcesBuildPhase;
			buildActionMask = 2147483647;
			files = (
				01AA9CE329B445230051F49C /* LaunchScreen.storyboard in Resources */,
				01AA9CE029B445230051F49C /* Assets.xcassets in Resources */,
				01AA9CDB29B445210051F49C /* Main.storyboard in Resources */,
			);
			runOnlyForDeploymentPostprocessing = 0;
		};
		01AA9CE729B445230051F49C /* Resources */ = {
			isa = PBXResourcesBuildPhase;
			buildActionMask = 2147483647;
			files = (
			);
			runOnlyForDeploymentPostprocessing = 0;
		};
		01AA9CF129B445230051F49C /* Resources */ = {
			isa = PBXResourcesBuildPhase;
			buildActionMask = 2147483647;
			files = (
			);
			runOnlyForDeploymentPostprocessing = 0;
		};
/* End PBXResourcesBuildPhase section */

/* Begin PBXSourcesBuildPhase section */
		01AA9CCC29B445210051F49C /* Sources */ = {
			isa = PBXSourcesBuildPhase;
			buildActionMask = 2147483647;
			files = (
				01AA9CD829B445210051F49C /* ViewController.swift in Sources */,
				01AA9CDE29B445210051F49C /* CheckBoxUITable.xcdatamodeld in Sources */,
				01AA9CD429B445210051F49C /* AppDelegate.swift in Sources */,
				01AA9CD629B445210051F49C /* SceneDelegate.swift in Sources */,
			);
			runOnlyForDeploymentPostprocessing = 0;
		};
		01AA9CE529B445230051F49C /* Sources */ = {
			isa = PBXSourcesBuildPhase;
			buildActionMask = 2147483647;
			files = (
				01AA9CEE29B445230051F49C /* CheckBoxUITableTests.swift in Sources */,
			);
			runOnlyForDeploymentPostprocessing = 0;
		};
		01AA9CEF29B445230051F49C /* Sources */ = {
			isa = PBXSourcesBuildPhase;
			buildActionMask = 2147483647;
			files = (
				01AA9CFA29B445230051F49C /* CheckBoxUITableUITestsLaunchTests.swift in Sources */,
				01AA9CF829B445230051F49C /* CheckBoxUITableUITests.swift in Sources */,
			);
			runOnlyForDeploymentPostprocessing = 0;
		};
/* End PBXSourcesBuildPhase section */

/* Begin PBXTargetDependency section */
		01AA9CEB29B445230051F49C /* PBXTargetDependency */ = {
			isa = PBXTargetDependency;
			target = 01AA9CCF29B445210051F49C /* CheckBoxUITable */;
			targetProxy = 01AA9CEA29B445230051F49C /* PBXContainerItemProxy */;
		};
		01AA9CF529B445230051F49C /* PBXTargetDependency */ = {
			isa = PBXTargetDependency;
			target = 01AA9CCF29B445210051F49C /* CheckBoxUITable */;
			targetProxy = 01AA9CF429B445230051F49C /* PBXContainerItemProxy */;
		};
/* End PBXTargetDependency section */

/* Begin PBXVariantGroup section */
		01AA9CD929B445210051F49C /* Main.storyboard */ = {
			isa = PBXVariantGroup;
			children = (
				01AA9CDA29B445210051F49C /* Base */,
			);
			name = Main.storyboard;
			sourceTree = "<group>";
		};
		01AA9CE129B445230051F49C /* LaunchScreen.storyboard */ = {
			isa = PBXVariantGroup;
			children = (
				01AA9CE229B445230051F49C /* Base */,
			);
			name = LaunchScreen.storyboard;
			sourceTree = "<group>";
		};
/* End PBXVariantGroup section */

/* Begin XCBuildConfiguration section */
		01AA9CFB29B445230051F49C /* Debug */ = {
			isa = XCBuildConfiguration;
			buildSettings = {
				ALWAYS_SEARCH_USER_PATHS = NO;
				CLANG_ANALYZER_NONNULL = YES;
				CLANG_ANALYZER_NUMBER_OBJECT_CONVERSION = YES_AGGRESSIVE;
				CLANG_CXX_LANGUAGE_STANDARD = "gnu++20";
				CLANG_ENABLE_MODULES = YES;
				CLANG_ENABLE_OBJC_ARC = YES;
				CLANG_ENABLE_OBJC_WEAK = YES;
				CLANG_WARN_BLOCK_CAPTURE_AUTORELEASING = YES;
				CLANG_WARN_BOOL_CONVERSION = YES;
				CLANG_WARN_COMMA = YES;
				CLANG_WARN_CONSTANT_CONVERSION = YES;
				CLANG_WARN_DEPRECATED_OBJC_IMPLEMENTATIONS = YES;
				CLANG_WARN_DIRECT_OBJC_ISA_USAGE = YES_ERROR;
				CLANG_WARN_DOCUMENTATION_COMMENTS = YES;
				CLANG_WARN_EMPTY_BODY = YES;
				CLANG_WARN_ENUM_CONVERSION = YES;
				CLANG_WARN_INFINITE_RECURSION = YES;
				CLANG_WARN_INT_CONVERSION = YES;
				CLANG_WARN_NON_LITERAL_NULL_CONVERSION = YES;
				CLANG_WARN_OBJC_IMPLICIT_RETAIN_SELF = YES;
				CLANG_WARN_OBJC_LITERAL_CONVERSION = YES;
				CLANG_WARN_OBJC_ROOT_CLASS = YES_ERROR;
				CLANG_WARN_QUOTED_INCLUDE_IN_FRAMEWORK_HEADER = YES;
				CLANG_WARN_RANGE_LOOP_ANALYSIS = YES;
				CLANG_WARN_STRICT_PROTOTYPES = YES;
				CLANG_WARN_SUSPICIOUS_MOVE = YES;
				CLANG_WARN_UNGUARDED_AVAILABILITY = YES_AGGRESSIVE;
				CLANG_WARN_UNREACHABLE_CODE = YES;
				CLANG_WARN__DUPLICATE_METHOD_MATCH = YES;
				COPY_PHASE_STRIP = NO;
				DEBUG_INFORMATION_FORMAT = dwarf;
				ENABLE_STRICT_OBJC_MSGSEND = YES;
				ENABLE_TESTABILITY = YES;
				GCC_C_LANGUAGE_STANDARD = gnu11;
				GCC_DYNAMIC_NO_PIC = NO;
				GCC_NO_COMMON_BLOCKS = YES;
				GCC_OPTIMIZATION_LEVEL = 0;
				GCC_PREPROCESSOR_DEFINITIONS = (
					"DEBUG=1",
					"$(inherited)",
				);
				GCC_WARN_64_TO_32_BIT_CONVERSION = YES;
				GCC_WARN_ABOUT_RETURN_TYPE = YES_ERROR;
				GCC_WARN_UNDECLARED_SELECTOR = YES;
				GCC_WARN_UNINITIALIZED_AUTOS = YES_AGGRESSIVE;
				GCC_WARN_UNUSED_FUNCTION = YES;
				GCC_WARN_UNUSED_VARIABLE = YES;
				IPHONEOS_DEPLOYMENT_TARGET = 16.2;
				MTL_ENABLE_DEBUG_INFO = INCLUDE_SOURCE;
				MTL_FAST_MATH = YES;
				ONLY_ACTIVE_ARCH = YES;
				SDKROOT = iphoneos;
				SWIFT_ACTIVE_COMPILATION_CONDITIONS = DEBUG;
				SWIFT_OPTIMIZATION_LEVEL = "-Onone";
			};
			name = Debug;
		};
		01AA9CFC29B445230051F49C /* Release */ = {
			isa = XCBuildConfiguration;
			buildSettings = {
				ALWAYS_SEARCH_USER_PATHS = NO;
				CLANG_ANALYZER_NONNULL = YES;
				CLANG_ANALYZER_NUMBER_OBJECT_CONVERSION = YES_AGGRESSIVE;
				CLANG_CXX_LANGUAGE_STANDARD = "gnu++20";
				CLANG_ENABLE_MODULES = YES;
				CLANG_ENABLE_OBJC_ARC = YES;
				CLANG_ENABLE_OBJC_WEAK = YES;
				CLANG_WARN_BLOCK_CAPTURE_AUTORELEASING = YES;
				CLANG_WARN_BOOL_CONVERSION = YES;
				CLANG_WARN_COMMA = YES;
				CLANG_WARN_CONSTANT_CONVERSION = YES;
				CLANG_WARN_DEPRECATED_OBJC_IMPLEMENTATIONS = YES;
				CLANG_WARN_DIRECT_OBJC_ISA_USAGE = YES_ERROR;
				CLANG_WARN_DOCUMENTATION_COMMENTS = YES;
				CLANG_WARN_EMPTY_BODY = YES;
				CLANG_WARN_ENUM_CONVERSION = YES;
				CLANG_WARN_INFINITE_RECURSION = YES;
				CLANG_WARN_INT_CONVERSION = YES;
				CLANG_WARN_NON_LITERAL_NULL_CONVERSION = YES;
				CLANG_WARN_OBJC_IMPLICIT_RETAIN_SELF = YES;
				CLANG_WARN_OBJC_LITERAL_CONVERSION = YES;
				CLANG_WARN_OBJC_ROOT_CLASS = YES_ERROR;
				CLANG_WARN_QUOTED_INCLUDE_IN_FRAMEWORK_HEADER = YES;
				CLANG_WARN_RANGE_LOOP_ANALYSIS = YES;
				CLANG_WARN_STRICT_PROTOTYPES = YES;
				CLANG_WARN_SUSPICIOUS_MOVE = YES;
				CLANG_WARN_UNGUARDED_AVAILABILITY = YES_AGGRESSIVE;
				CLANG_WARN_UNREACHABLE_CODE = YES;
				CLANG_WARN__DUPLICATE_METHOD_MATCH = YES;
				COPY_PHASE_STRIP = NO;
				DEBUG_INFORMATION_FORMAT = "dwarf-with-dsym";
				ENABLE_NS_ASSERTIONS = NO;
				ENABLE_STRICT_OBJC_MSGSEND = YES;
				GCC_C_LANGUAGE_STANDARD = gnu11;
				GCC_NO_COMMON_BLOCKS = YES;
				GCC_WARN_64_TO_32_BIT_CONVERSION = YES;
				GCC_WARN_ABOUT_RETURN_TYPE = YES_ERROR;
				GCC_WARN_UNDECLARED_SELECTOR = YES;
				GCC_WARN_UNINITIALIZED_AUTOS = YES_AGGRESSIVE;
				GCC_WARN_UNUSED_FUNCTION = YES;
				GCC_WARN_UNUSED_VARIABLE = YES;
				IPHONEOS_DEPLOYMENT_TARGET = 16.2;
				MTL_ENABLE_DEBUG_INFO = NO;
				MTL_FAST_MATH = YES;
				SDKROOT = iphoneos;
				SWIFT_COMPILATION_MODE = wholemodule;
				SWIFT_OPTIMIZATION_LEVEL = "-O";
				VALIDATE_PRODUCT = YES;
			};
			name = Release;
		};
		01AA9CFE29B445230051F49C /* Debug */ = {
			isa = XCBuildConfiguration;
			buildSettings = {
				ASSETCATALOG_COMPILER_APPICON_NAME = AppIcon;
				ASSETCATALOG_COMPILER_GLOBAL_ACCENT_COLOR_NAME = AccentColor;
				CODE_SIGN_STYLE = Automatic;
				CURRENT_PROJECT_VERSION = 1;
				DEVELOPMENT_TEAM = XJTQMDDGT3;
				GENERATE_INFOPLIST_FILE = YES;
				INFOPLIST_FILE = CheckBoxUITable/Info.plist;
				INFOPLIST_KEY_UIApplicationSupportsIndirectInputEvents = YES;
				INFOPLIST_KEY_UILaunchStoryboardName = LaunchScreen;
				INFOPLIST_KEY_UIMainStoryboardFile = Main;
				INFOPLIST_KEY_UISupportedInterfaceOrientations_iPad = "UIInterfaceOrientationPortrait UIInterfaceOrientationPortraitUpsideDown UIInterfaceOrientationLandscapeLeft UIInterfaceOrientationLandscapeRight";
				INFOPLIST_KEY_UISupportedInterfaceOrientations_iPhone = "UIInterfaceOrientationPortrait UIInterfaceOrientationLandscapeLeft UIInterfaceOrientationLandscapeRight";
				LD_RUNPATH_SEARCH_PATHS = (
					"$(inherited)",
					"@executable_path/Frameworks",
				);
				MARKETING_VERSION = 1.0;
				PRODUCT_BUNDLE_IDENTIFIER = ZeptoBook.CheckBoxUITable;
				PRODUCT_NAME = "$(TARGET_NAME)";
				SWIFT_EMIT_LOC_STRINGS = YES;
				SWIFT_VERSION = 5.0;
				TARGETED_DEVICE_FAMILY = "1,2";
			};
			name = Debug;
		};
		01AA9CFF29B445230051F49C /* Release */ = {
			isa = XCBuildConfiguration;
			buildSettings = {
				ASSETCATALOG_COMPILER_APPICON_NAME = AppIcon;
				ASSETCATALOG_COMPILER_GLOBAL_ACCENT_COLOR_NAME = AccentColor;
				CODE_SIGN_STYLE = Automatic;
				CURRENT_PROJECT_VERSION = 1;
				DEVELOPMENT_TEAM = XJTQMDDGT3;
				GENERATE_INFOPLIST_FILE = YES;
				INFOPLIST_FILE = CheckBoxUITable/Info.plist;
				INFOPLIST_KEY_UIApplicationSupportsIndirectInputEvents = YES;
				INFOPLIST_KEY_UILaunchStoryboardName = LaunchScreen;
				INFOPLIST_KEY_UIMainStoryboardFile = Main;
				INFOPLIST_KEY_UISupportedInterfaceOrientations_iPad = "UIInterfaceOrientationPortrait UIInterfaceOrientationPortraitUpsideDown UIInterfaceOrientationLandscapeLeft UIInterfaceOrientationLandscapeRight";
				INFOPLIST_KEY_UISupportedInterfaceOrientations_iPhone = "UIInterfaceOrientationPortrait UIInterfaceOrientationLandscapeLeft UIInterfaceOrientationLandscapeRight";
				LD_RUNPATH_SEARCH_PATHS = (
					"$(inherited)",
					"@executable_path/Frameworks",
				);
				MARKETING_VERSION = 1.0;
				PRODUCT_BUNDLE_IDENTIFIER = ZeptoBook.CheckBoxUITable;
				PRODUCT_NAME = "$(TARGET_NAME)";
				SWIFT_EMIT_LOC_STRINGS = YES;
				SWIFT_VERSION = 5.0;
				TARGETED_DEVICE_FAMILY = "1,2";
			};
			name = Release;
		};
		01AA9D0129B445230051F49C /* Debug */ = {
			isa = XCBuildConfiguration;
			buildSettings = {
				ALWAYS_EMBED_SWIFT_STANDARD_LIBRARIES = YES;
				BUNDLE_LOADER = "$(TEST_HOST)";
				CODE_SIGN_STYLE = Automatic;
				CURRENT_PROJECT_VERSION = 1;
				DEVELOPMENT_TEAM = XJTQMDDGT3;
				GENERATE_INFOPLIST_FILE = YES;
				IPHONEOS_DEPLOYMENT_TARGET = 16.2;
				MARKETING_VERSION = 1.0;
				PRODUCT_BUNDLE_IDENTIFIER = ZeptoBook.CheckBoxUITableTests;
				PRODUCT_NAME = "$(TARGET_NAME)";
				SWIFT_EMIT_LOC_STRINGS = NO;
				SWIFT_VERSION = 5.0;
				TARGETED_DEVICE_FAMILY = "1,2";
				TEST_HOST = "$(BUILT_PRODUCTS_DIR)/CheckBoxUITable.app/$(BUNDLE_EXECUTABLE_FOLDER_PATH)/CheckBoxUITable";
			};
			name = Debug;
		};
		01AA9D0229B445230051F49C /* Release */ = {
			isa = XCBuildConfiguration;
			buildSettings = {
				ALWAYS_EMBED_SWIFT_STANDARD_LIBRARIES = YES;
				BUNDLE_LOADER = "$(TEST_HOST)";
				CODE_SIGN_STYLE = Automatic;
				CURRENT_PROJECT_VERSION = 1;
				DEVELOPMENT_TEAM = XJTQMDDGT3;
				GENERATE_INFOPLIST_FILE = YES;
				IPHONEOS_DEPLOYMENT_TARGET = 16.2;
				MARKETING_VERSION = 1.0;
				PRODUCT_BUNDLE_IDENTIFIER = ZeptoBook.CheckBoxUITableTests;
				PRODUCT_NAME = "$(TARGET_NAME)";
				SWIFT_EMIT_LOC_STRINGS = NO;
				SWIFT_VERSION = 5.0;
				TARGETED_DEVICE_FAMILY = "1,2";
				TEST_HOST = "$(BUILT_PRODUCTS_DIR)/CheckBoxUITable.app/$(BUNDLE_EXECUTABLE_FOLDER_PATH)/CheckBoxUITable";
			};
			name = Release;
		};
		01AA9D0429B445230051F49C /* Debug */ = {
			isa = XCBuildConfiguration;
			buildSettings = {
				ALWAYS_EMBED_SWIFT_STANDARD_LIBRARIES = YES;
				CODE_SIGN_STYLE = Automatic;
				CURRENT_PROJECT_VERSION = 1;
				DEVELOPMENT_TEAM = XJTQMDDGT3;
				GENERATE_INFOPLIST_FILE = YES;
				MARKETING_VERSION = 1.0;
				PRODUCT_BUNDLE_IDENTIFIER = ZeptoBook.CheckBoxUITableUITests;
				PRODUCT_NAME = "$(TARGET_NAME)";
				SWIFT_EMIT_LOC_STRINGS = NO;
				SWIFT_VERSION = 5.0;
				TARGETED_DEVICE_FAMILY = "1,2";
				TEST_TARGET_NAME = CheckBoxUITable;
			};
			name = Debug;
		};
		01AA9D0529B445230051F49C /* Release */ = {
			isa = XCBuildConfiguration;
			buildSettings = {
				ALWAYS_EMBED_SWIFT_STANDARD_LIBRARIES = YES;
				CODE_SIGN_STYLE = Automatic;
				CURRENT_PROJECT_VERSION = 1;
				DEVELOPMENT_TEAM = XJTQMDDGT3;
				GENERATE_INFOPLIST_FILE = YES;
				MARKETING_VERSION = 1.0;
				PRODUCT_BUNDLE_IDENTIFIER = ZeptoBook.CheckBoxUITableUITests;
				PRODUCT_NAME = "$(TARGET_NAME)";
				SWIFT_EMIT_LOC_STRINGS = NO;
				SWIFT_VERSION = 5.0;
				TARGETED_DEVICE_FAMILY = "1,2";
				TEST_TARGET_NAME = CheckBoxUITable;
			};
			name = Release;
		};
/* End XCBuildConfiguration section */

/* Begin XCConfigurationList section */
		01AA9CCB29B445210051F49C /* Build configuration list for PBXProject "CheckBoxUITable" */ = {
			isa = XCConfigurationList;
			buildConfigurations = (
				01AA9CFB29B445230051F49C /* Debug */,
				01AA9CFC29B445230051F49C /* Release */,
			);
			defaultConfigurationIsVisible = 0;
			defaultConfigurationName = Release;
		};
		01AA9CFD29B445230051F49C /* Build configuration list for PBXNativeTarget "CheckBoxUITable" */ = {
			isa = XCConfigurationList;
			buildConfigurations = (
				01AA9CFE29B445230051F49C /* Debug */,
				01AA9CFF29B445230051F49C /* Release */,
			);
			defaultConfigurationIsVisible = 0;
			defaultConfigurationName = Release;
		};
		01AA9D0029B445230051F49C /* Build configuration list for PBXNativeTarget "CheckBoxUITableTests" */ = {
			isa = XCConfigurationList;
			buildConfigurations = (
				01AA9D0129B445230051F49C /* Debug */,
				01AA9D0229B445230051F49C /* Release */,
			);
			defaultConfigurationIsVisible = 0;
			defaultConfigurationName = Release;
		};
		01AA9D0329B445230051F49C /* Build configuration list for PBXNativeTarget "CheckBoxUITableUITests" */ = {
			isa = XCConfigurationList;
			buildConfigurations = (
				01AA9D0429B445230051F49C /* Debug */,
				01AA9D0529B445230051F49C /* Release */,
			);
			defaultConfigurationIsVisible = 0;
			defaultConfigurationName = Release;
		};
/* End XCConfigurationList section */

/* Begin XCVersionGroup section */
		01AA9CDC29B445210051F49C /* CheckBoxUITable.xcdatamodeld */ = {
			isa = XCVersionGroup;
			children = (
				01AA9CDD29B445210051F49C /* CheckBoxUITable.xcdatamodel */,
			);
			currentVersion = 01AA9CDD29B445210051F49C /* CheckBoxUITable.xcdatamodel */;
			path = CheckBoxUITable.xcdatamodeld;
			sourceTree = "<group>";
			versionGroupType = wrapper.xcdatamodel;
		};
/* End XCVersionGroup section */
	};
	rootObject = 01AA9CC829B445210051F49C /* Project object */;
}
